
Microsoft Visual Studio Solution File, Format Version 12.00
# Visual Studio Version 17
VisualStudioVersion = 17.11.35303.130
MinimumVisualStudioVersion = 10.0.40219.1
Project("{8BC9CEB8-8B4A-11D0-8D11-00A0C91BC942}") = "Salomat_uz", "Salomat_uz\Salomat_uz.vcxproj", "{CE200C1A-EE33-4E39-B87F-8872C73262D7}"
EndProject
Global
	GlobalSection(SolutionConfigurationPlatforms) = preSolution
		Debug|x64 = Debug|x64
		Debug|x86 = Debug|x86
		Release|x64 = Release|x64
		Release|x86 = Release|x86
	EndGlobalSection
	GlobalSection(ProjectConfigurationPlatforms) = postSolution
		{CE200C1A-EE33-4E39-B87F-8872C73262D7}.Debug|x64.ActiveCfg = Debug|x64
		{CE200C1A-EE33-4E39-B87F-8872C73262D7}.Debug|x64.Build.0 = Debug|x64
		{CE200C1A-EE33-4E39-B87F-8872C73262D7}.Debug|x86.ActiveCfg = Debug|Win32
		{CE200C1A-EE33-4E39-B87F-8872C73262D7}.Debug|x86.Build.0 = Debug|Win32
		{CE200C1A-EE33-4E39-B87F-8872C73262D7}.Release|x64.ActiveCfg = Release|x64
		{CE200C1A-EE33-4E39-B87F-8872C73262D7}.Release|x64.Build.0 = Release|x64
		{CE200C1A-EE33-4E39-B87F-8872C73262D7}.Release|x86.ActiveCfg = Release|Win32
		{CE200C1A-EE33-4E39-B87F-8872C73262D7}.Release|x86.Build.0 = Release|Win32
	EndGlobalSection
	GlobalSection(SolutionProperties) = preSolution
		HideSolutionNode = FALSE
	EndGlobalSection
	GlobalSection(ExtensibilityGlobals) = postSolution
		SolutionGuid = {1F6E2222-95FC-4B28-A6A1-4363A0B49D58}
	EndGlobalSection
EndGlobal
